
Microsoft Visual Studio Solution File, Format Version 12.00
# Visual Studio Version 17
VisualStudioVersion = 17.14.36301.6 d17.14
MinimumVisualStudioVersion = 10.0.40219.1
Project("{FAE04EC0-301F-11D3-BF4B-00C04F79EFBC}") = "e-Shift", "e-Shift\e-Shift.csproj", "{BCD40097-D609-4B23-B7B8-1E11747865B8}"
EndProject
Global
	GlobalSection(SolutionConfigurationPlatforms) = preSolution
		Debug|Any CPU = Debug|Any CPU
		Release|Any CPU = Release|Any CPU
	EndGlobalSection
	GlobalSection(ProjectConfigurationPlatforms) = postSolution
		{BCD40097-D609-4B23-B7B8-1E11747865B8}.Debug|Any CPU.ActiveCfg = Debug|Any CPU
		{BCD40097-D609-4B23-B7B8-1E11747865B8}.Debug|Any CPU.Build.0 = Debug|Any CPU
		{BCD40097-D609-4B23-B7B8-1E11747865B8}.Release|Any CPU.ActiveCfg = Release|Any CPU
		{BCD40097-D609-4B23-B7B8-1E11747865B8}.Release|Any CPU.Build.0 = Release|Any CPU
	EndGlobalSection
	GlobalSection(SolutionProperties) = preSolution
		HideSolutionNode = FALSE
	EndGlobalSection
	GlobalSection(ExtensibilityGlobals) = postSolution
		SolutionGuid = {C0FD53E0-91B7-4E67-9FF6-E4798CA2A24B}
	EndGlobalSection
EndGlobal
